// !$*UTF8*$!
{
	archiveVersion = 1;
	classes = {
	};
	objectVersion = 50;
	objects = {

/* Begin PBXBuildFile section */
		57C9ED79208F749300C5F4E2 /* AppDelegate.swift in Sources */ = {isa = PBXBuildFile; fileRef = 57C9ED78208F749300C5F4E2 /* AppDelegate.swift */; };
		57C9ED7B208F749300C5F4E2 /* ViewController.swift in Sources */ = {isa = PBXBuildFile; fileRef = 57C9ED7A208F749300C5F4E2 /* ViewController.swift */; };
		57C9ED7E208F749300C5F4E2 /* Main.storyboard in Resources */ = {isa = PBXBuildFile; fileRef = 57C9ED7C208F749300C5F4E2 /* Main.storyboard */; };
		57C9ED80208F749400C5F4E2 /* Assets.xcassets in Resources */ = {isa = PBXBuildFile; fileRef = 57C9ED7F208F749400C5F4E2 /* Assets.xcassets */; };
		57C9ED83208F749400C5F4E2 /* LaunchScreen.storyboard in Resources */ = {isa = PBXBuildFile; fileRef = 57C9ED81208F749400C5F4E2 /* LaunchScreen.storyboard */; };
		57C9ED8E208F749400C5F4E2 /* TestingAppTests.swift in Sources */ = {isa = PBXBuildFile; fileRef = 57C9ED8D208F749400C5F4E2 /* TestingAppTests.swift */; };
		57C9ED99208F74DC00C5F4E2 /* MovieAPI.swift in Sources */ = {isa = PBXBuildFile; fileRef = 57C9ED98208F74DC00C5F4E2 /* MovieAPI.swift */; };
		57C9ED9B208F76D600C5F4E2 /* Movie.swift in Sources */ = {isa = PBXBuildFile; fileRef = 57C9ED9A208F76D600C5F4E2 /* Movie.swift */; };
		57C9ED9D208F77D700C5F4E2 /* MovieAPITests.swift in Sources */ = {isa = PBXBuildFile; fileRef = 57C9ED9C208F77D700C5F4E2 /* MovieAPITests.swift */; };
/* End PBXBuildFile section */

/* Begin PBXContainerItemProxy section */
		57C9ED8A208F749400C5F4E2 /* PBXContainerItemProxy */ = {
			isa = PBXContainerItemProxy;
			containerPortal = 57C9ED6D208F749300C5F4E2 /* Project object */;
			proxyType = 1;
			remoteGlobalIDString = 57C9ED74208F749300C5F4E2;
			remoteInfo = TestingApp;
		};
/* End PBXContainerItemProxy section */

/* Begin PBXFileReference section */
		57C9ED75208F749300C5F4E2 /* TestingApp.app */ = {isa = PBXFileReference; explicitFileType = wrapper.application; includeInIndex = 0; path = TestingApp.app; sourceTree = BUILT_PRODUCTS_DIR; };
		57C9ED78208F749300C5F4E2 /* AppDelegate.swift */ = {isa = PBXFileReference; lastKnownFileType = sourcecode.swift; path = AppDelegate.swift; sourceTree = "<group>"; };
		57C9ED7A208F749300C5F4E2 /* ViewController.swift */ = {isa = PBXFileReference; lastKnownFileType = sourcecode.swift; path = ViewController.swift; sourceTree = "<group>"; };
		57C9ED7D208F749300C5F4E2 /* Base */ = {isa = PBXFileReference; lastKnownFileType = file.storyboard; name = Base; path = Base.lproj/Main.storyboard; sourceTree = "<group>"; };
		57C9ED7F208F749400C5F4E2 /* Assets.xcassets */ = {isa = PBXFileReference; lastKnownFileType = folder.assetcatalog; path = Assets.xcassets; sourceTree = "<group>"; };
		57C9ED82208F749400C5F4E2 /* Base */ = {isa = PBXFileReference; lastKnownFileType = file.storyboard; name = Base; path = Base.lproj/LaunchScreen.storyboard; sourceTree = "<group>"; };
		57C9ED84208F749400C5F4E2 /* Info.plist */ = {isa = PBXFileReference; lastKnownFileType = text.plist.xml; path = Info.plist; sourceTree = "<group>"; };
		57C9ED89208F749400C5F4E2 /* TestingAppTests.xctest */ = {isa = PBXFileReference; explicitFileType = wrapper.cfbundle; includeInIndex = 0; path = TestingAppTests.xctest; sourceTree = BUILT_PRODUCTS_DIR; };
		57C9ED8D208F749400C5F4E2 /* TestingAppTests.swift */ = {isa = PBXFileReference; lastKnownFileType = sourcecode.swift; path = TestingAppTests.swift; sourceTree = "<group>"; };
		57C9ED8F208F749400C5F4E2 /* Info.plist */ = {isa = PBXFileReference; lastKnownFileType = text.plist.xml; path = Info.plist; sourceTree = "<group>"; };
		57C9ED98208F74DC00C5F4E2 /* MovieAPI.swift */ = {isa = PBXFileReference; lastKnownFileType = sourcecode.swift; path = MovieAPI.swift; sourceTree = "<group>"; };
		57C9ED9A208F76D600C5F4E2 /* Movie.swift */ = {isa = PBXFileReference; lastKnownFileType = sourcecode.swift; path = Movie.swift; sourceTree = "<group>"; };
		57C9ED9C208F77D700C5F4E2 /* MovieAPITests.swift */ = {isa = PBXFileReference; lastKnownFileType = sourcecode.swift; path = MovieAPITests.swift; sourceTree = "<group>"; };
/* End PBXFileReference section */

/* Begin PBXFrameworksBuildPhase section */
		57C9ED72208F749300C5F4E2 /* Frameworks */ = {
			isa = PBXFrameworksBuildPhase;
			buildActionMask = 2147483647;
			files = (
			);
			runOnlyForDeploymentPostprocessing = 0;
		};
		57C9ED86208F749400C5F4E2 /* Frameworks */ = {
			isa = PBXFrameworksBuildPhase;
			buildActionMask = 2147483647;
			files = (
			);
			runOnlyForDeploymentPostprocessing = 0;
		};
/* End PBXFrameworksBuildPhase section */

/* Begin PBXGroup section */
		57C9ED6C208F749300C5F4E2 = {
			isa = PBXGroup;
			children = (
				57C9ED77208F749300C5F4E2 /* TestingApp */,
				57C9ED8C208F749400C5F4E2 /* TestingAppTests */,
				57C9ED76208F749300C5F4E2 /* Products */,
			);
			sourceTree = "<group>";
		};
		57C9ED76208F749300C5F4E2 /* Products */ = {
			isa = PBXGroup;
			children = (
				57C9ED75208F749300C5F4E2 /* TestingApp.app */,
				57C9ED89208F749400C5F4E2 /* TestingAppTests.xctest */,
			);
			name = Products;
			sourceTree = "<group>";
		};
		57C9ED77208F749300C5F4E2 /* TestingApp */ = {
			isa = PBXGroup;
			children = (
				57C9ED78208F749300C5F4E2 /* AppDelegate.swift */,
				57C9ED7A208F749300C5F4E2 /* ViewController.swift */,
				57C9ED98208F74DC00C5F4E2 /* MovieAPI.swift */,
				57C9ED9A208F76D600C5F4E2 /* Movie.swift */,
				57C9ED7C208F749300C5F4E2 /* Main.storyboard */,
				57C9ED7F208F749400C5F4E2 /* Assets.xcassets */,
				57C9ED81208F749400C5F4E2 /* LaunchScreen.storyboard */,
				57C9ED84208F749400C5F4E2 /* Info.plist */,
			);
			path = TestingApp;
			sourceTree = "<group>";
		};
		57C9ED8C208F749400C5F4E2 /* TestingAppTests */ = {
			isa = PBXGroup;
			children = (
				57C9ED8D208F749400C5F4E2 /* TestingAppTests.swift */,
				57C9ED9C208F77D700C5F4E2 /* MovieAPITests.swift */,
				57C9ED8F208F749400C5F4E2 /* Info.plist */,
			);
			path = TestingAppTests;
			sourceTree = "<group>";
		};
/* End PBXGroup section */

/* Begin PBXNativeTarget section */
		57C9ED74208F749300C5F4E2 /* TestingApp */ = {
			isa = PBXNativeTarget;
			buildConfigurationList = 57C9ED92208F749400C5F4E2 /* Build configuration list for PBXNativeTarget "TestingApp" */;
			buildPhases = (
				57C9ED71208F749300C5F4E2 /* Sources */,
				57C9ED72208F749300C5F4E2 /* Frameworks */,
				57C9ED73208F749300C5F4E2 /* Resources */,
			);
			buildRules = (
			);
			dependencies = (
			);
			name = TestingApp;
			productName = TestingApp;
			productReference = 57C9ED75208F749300C5F4E2 /* TestingApp.app */;
			productType = "com.apple.product-type.application";
		};
		57C9ED88208F749400C5F4E2 /* TestingAppTests */ = {
			isa = PBXNativeTarget;
			buildConfigurationList = 57C9ED95208F749400C5F4E2 /* Build configuration list for PBXNativeTarget "TestingAppTests" */;
			buildPhases = (
				57C9ED85208F749400C5F4E2 /* Sources */,
				57C9ED86208F749400C5F4E2 /* Frameworks */,
				57C9ED87208F749400C5F4E2 /* Resources */,
			);
			buildRules = (
			);
			dependencies = (
				57C9ED8B208F749400C5F4E2 /* PBXTargetDependency */,
			);
			name = TestingAppTests;
			productName = TestingAppTests;
			productReference = 57C9ED89208F749400C5F4E2 /* TestingAppTests.xctest */;
			productType = "com.apple.product-type.bundle.unit-test";
		};
/* End PBXNativeTarget section */

/* Begin PBXProject section */
		57C9ED6D208F749300C5F4E2 /* Project object */ = {
			isa = PBXProject;
			attributes = {
				LastSwiftUpdateCheck = 0930;
				LastUpgradeCheck = 0930;
				ORGANIZATIONNAME = "Alex Paul";
				TargetAttributes = {
					57C9ED74208F749300C5F4E2 = {
						CreatedOnToolsVersion = 9.3;
					};
					57C9ED88208F749400C5F4E2 = {
						CreatedOnToolsVersion = 9.3;
						TestTargetID = 57C9ED74208F749300C5F4E2;
					};
				};
			};
			buildConfigurationList = 57C9ED70208F749300C5F4E2 /* Build configuration list for PBXProject "TestingApp" */;
			compatibilityVersion = "Xcode 9.3";
			developmentRegion = en;
			hasScannedForEncodings = 0;
			knownRegions = (
				en,
				Base,
			);
			mainGroup = 57C9ED6C208F749300C5F4E2;
			productRefGroup = 57C9ED76208F749300C5F4E2 /* Products */;
			projectDirPath = "";
			projectRoot = "";
			targets = (
				57C9ED74208F749300C5F4E2 /* TestingApp */,
				57C9ED88208F749400C5F4E2 /* TestingAppTests */,
			);
		};
/* End PBXProject section */

/* Begin PBXResourcesBuildPhase section */
		57C9ED73208F749300C5F4E2 /* Resources */ = {
			isa = PBXResourcesBuildPhase;
			buildActionMask = 2147483647;
			files = (
				57C9ED83208F749400C5F4E2 /* LaunchScreen.storyboard in Resources */,
				57C9ED80208F749400C5F4E2 /* Assets.xcassets in Resources */,
				57C9ED7E208F749300C5F4E2 /* Main.storyboard in Resources */,
			);
			runOnlyForDeploymentPostprocessing = 0;
		};
		57C9ED87208F749400C5F4E2 /* Resources */ = {
			isa = PBXResourcesBuildPhase;
			buildActionMask = 2147483647;
			files = (
			);
			runOnlyForDeploymentPostprocessing = 0;
		};
/* End PBXResourcesBuildPhase section */

/* Begin PBXSourcesBuildPhase section */
		57C9ED71208F749300C5F4E2 /* Sources */ = {
			isa = PBXSourcesBuildPhase;
			buildActionMask = 2147483647;
			files = (
				57C9ED99208F74DC00C5F4E2 /* MovieAPI.swift in Sources */,
				57C9ED7B208F749300C5F4E2 /* ViewController.swift in Sources */,
				57C9ED9B208F76D600C5F4E2 /* Movie.swift in Sources */,
				57C9ED79208F749300C5F4E2 /* AppDelegate.swift in Sources */,
			);
			runOnlyForDeploymentPostprocessing = 0;
		};
		57C9ED85208F749400C5F4E2 /* Sources */ = {
			isa = PBXSourcesBuildPhase;
			buildActionMask = 2147483647;
			files = (
				57C9ED8E208F749400C5F4E2 /* TestingAppTests.swift in Sources */,
				57C9ED9D208F77D700C5F4E2 /* MovieAPITests.swift in Sources */,
			);
			runOnlyForDeploymentPostprocessing = 0;
		};
/* End PBXSourcesBuildPhase section */

/* Begin PBXTargetDependency section */
		57C9ED8B208F749400C5F4E2 /* PBXTargetDependency */ = {
			isa = PBXTargetDependency;
			target = 57C9ED74208F749300C5F4E2 /* TestingApp */;
			targetProxy = 57C9ED8A208F749400C5F4E2 /* PBXContainerItemProxy */;
		};
/* End PBXTargetDependency section */

/* Begin PBXVariantGroup section */
		57C9ED7C208F749300C5F4E2 /* Main.storyboard */ = {
			isa = PBXVariantGroup;
			children = (
				57C9ED7D208F749300C5F4E2 /* Base */,
			);
			name = Main.storyboard;
			sourceTree = "<group>";
		};
		57C9ED81208F749400C5F4E2 /* LaunchScreen.storyboard */ = {
			isa = PBXVariantGroup;
			children = (
				57C9ED82208F749400C5F4E2 /* Base */,
			);
			name = LaunchScreen.storyboard;
			sourceTree = "<group>";
		};
/* End PBXVariantGroup section */

/* Begin XCBuildConfiguration section */
		57C9ED90208F749400C5F4E2 /* Debug */ = {
			isa = XCBuildConfiguration;
			buildSettings = {
				ALWAYS_SEARCH_USER_PATHS = NO;
				CLANG_ANALYZER_NONNULL = YES;
				CLANG_ANALYZER_NUMBER_OBJECT_CONVERSION = YES_AGGRESSIVE;
				CLANG_CXX_LANGUAGE_STANDARD = "gnu++14";
				CLANG_CXX_LIBRARY = "libc++";
				CLANG_ENABLE_MODULES = YES;
				CLANG_ENABLE_OBJC_ARC = YES;
				CLANG_ENABLE_OBJC_WEAK = YES;
				CLANG_WARN_BLOCK_CAPTURE_AUTORELEASING = YES;
				CLANG_WARN_BOOL_CONVERSION = YES;
				CLANG_WARN_COMMA = YES;
				CLANG_WARN_CONSTANT_CONVERSION = YES;
				CLANG_WARN_DEPRECATED_OBJC_IMPLEMENTATIONS = YES;
				CLANG_WARN_DIRECT_OBJC_ISA_USAGE = YES_ERROR;
				CLANG_WARN_DOCUMENTATION_COMMENTS = YES;
				CLANG_WARN_EMPTY_BODY = YES;
				CLANG_WARN_ENUM_CONVERSION = YES;
				CLANG_WARN_INFINITE_RECURSION = YES;
				CLANG_WARN_INT_CONVERSION = YES;
				CLANG_WARN_NON_LITERAL_NULL_CONVERSION = YES;
				CLANG_WARN_OBJC_IMPLICIT_RETAIN_SELF = YES;
				CLANG_WARN_OBJC_LITERAL_CONVERSION = YES;
				CLANG_WARN_OBJC_ROOT_CLASS = YES_ERROR;
				CLANG_WARN_RANGE_LOOP_ANALYSIS = YES;
				CLANG_WARN_STRICT_PROTOTYPES = YES;
				CLANG_WARN_SUSPICIOUS_MOVE = YES;
				CLANG_WARN_UNGUARDED_AVAILABILITY = YES_AGGRESSIVE;
				CLANG_WARN_UNREACHABLE_CODE = YES;
				CLANG_WARN__DUPLICATE_METHOD_MATCH = YES;
				CODE_SIGN_IDENTITY = "iPhone Developer";
				COPY_PHASE_STRIP = NO;
				DEBUG_INFORMATION_FORMAT = dwarf;
				ENABLE_STRICT_OBJC_MSGSEND = YES;
				ENABLE_TESTABILITY = YES;
				GCC_C_LANGUAGE_STANDARD = gnu11;
				GCC_DYNAMIC_NO_PIC = NO;
				GCC_NO_COMMON_BLOCKS = YES;
				GCC_OPTIMIZATION_LEVEL = 0;
				GCC_PREPROCESSOR_DEFINITIONS = (
					"DEBUG=1",
					"$(inherited)",
				);
				GCC_WARN_64_TO_32_BIT_CONVERSION = YES;
				GCC_WARN_ABOUT_RETURN_TYPE = YES_ERROR;
				GCC_WARN_UNDECLARED_SELECTOR = YES;
				GCC_WARN_UNINITIALIZED_AUTOS = YES_AGGRESSIVE;
				GCC_WARN_UNUSED_FUNCTION = YES;
				GCC_WARN_UNUSED_VARIABLE = YES;
				IPHONEOS_DEPLOYMENT_TARGET = 11.3;
				MTL_ENABLE_DEBUG_INFO = YES;
				ONLY_ACTIVE_ARCH = YES;
				SDKROOT = iphoneos;
				SWIFT_ACTIVE_COMPILATION_CONDITIONS = DEBUG;
				SWIFT_OPTIMIZATION_LEVEL = "-Onone";
			};
			name = Debug;
		};
		57C9ED91208F749400C5F4E2 /* Release */ = {
			isa = XCBuildConfiguration;
			buildSettings = {
				ALWAYS_SEARCH_USER_PATHS = NO;
				CLANG_ANALYZER_NONNULL = YES;
				CLANG_ANALYZER_NUMBER_OBJECT_CONVERSION = YES_AGGRESSIVE;
				CLANG_CXX_LANGUAGE_STANDARD = "gnu++14";
				CLANG_CXX_LIBRARY = "libc++";
				CLANG_ENABLE_MODULES = YES;
				CLANG_ENABLE_OBJC_ARC = YES;
				CLANG_ENABLE_OBJC_WEAK = YES;
				CLANG_WARN_BLOCK_CAPTURE_AUTORELEASING = YES;
				CLANG_WARN_BOOL_CONVERSION = YES;
				CLANG_WARN_COMMA = YES;
				CLANG_WARN_CONSTANT_CONVERSION = YES;
				CLANG_WARN_DEPRECATED_OBJC_IMPLEMENTATIONS = YES;
				CLANG_WARN_DIRECT_OBJC_ISA_USAGE = YES_ERROR;
				CLANG_WARN_DOCUMENTATION_COMMENTS = YES;
				CLANG_WARN_EMPTY_BODY = YES;
				CLANG_WARN_ENUM_CONVERSION = YES;
				CLANG_WARN_INFINITE_RECURSION = YES;
				CLANG_WARN_INT_CONVERSION = YES;
				CLANG_WARN_NON_LITERAL_NULL_CONVERSION = YES;
				CLANG_WARN_OBJC_IMPLICIT_RETAIN_SELF = YES;
				CLANG_WARN_OBJC_LITERAL_CONVERSION = YES;
				CLANG_WARN_OBJC_ROOT_CLASS = YES_ERROR;
				CLANG_WARN_RANGE_LOOP_ANALYSIS = YES;
				CLANG_WARN_STRICT_PROTOTYPES = YES;
				CLANG_WARN_SUSPICIOUS_MOVE = YES;
				CLANG_WARN_UNGUARDED_AVAILABILITY = YES_AGGRESSIVE;
				CLANG_WARN_UNREACHABLE_CODE = YES;
				CLANG_WARN__DUPLICATE_METHOD_MATCH = YES;
				CODE_SIGN_IDENTITY = "iPhone Developer";
				COPY_PHASE_STRIP = NO;
				DEBUG_INFORMATION_FORMAT = "dwarf-with-dsym";
				ENABLE_NS_ASSERTIONS = NO;
				ENABLE_STRICT_OBJC_MSGSEND = YES;
				GCC_C_LANGUAGE_STANDARD = gnu11;
				GCC_NO_COMMON_BLOCKS = YES;
				GCC_WARN_64_TO_32_BIT_CONVERSION = YES;
				GCC_WARN_ABOUT_RETURN_TYPE = YES_ERROR;
				GCC_WARN_UNDECLARED_SELECTOR = YES;
				GCC_WARN_UNINITIALIZED_AUTOS = YES_AGGRESSIVE;
				GCC_WARN_UNUSED_FUNCTION = YES;
				GCC_WARN_UNUSED_VARIABLE = YES;
				IPHONEOS_DEPLOYMENT_TARGET = 11.3;
				MTL_ENABLE_DEBUG_INFO = NO;
				SDKROOT = iphoneos;
				SWIFT_COMPILATION_MODE = wholemodule;
				SWIFT_OPTIMIZATION_LEVEL = "-O";
				VALIDATE_PRODUCT = YES;
			};
			name = Release;
		};
		57C9ED93208F749400C5F4E2 /* Debug */ = {
			isa = XCBuildConfiguration;
			buildSettings = {
				ASSETCATALOG_COMPILER_APPICON_NAME = AppIcon;
				CODE_SIGN_STYLE = Automatic;
				DEVELOPMENT_TEAM = ZEKMNK5YD3;
				INFOPLIST_FILE = TestingApp/Info.plist;
				LD_RUNPATH_SEARCH_PATHS = (
					"$(inherited)",
					"@executable_path/Frameworks",
				);
				PRODUCT_BUNDLE_IDENTIFIER = com.alexcpaul.TestingApp;
				PRODUCT_NAME = "$(TARGET_NAME)";
				SWIFT_VERSION = 4.0;
				TARGETED_DEVICE_FAMILY = "1,2";
			};
			name = Debug;
		};
		57C9ED94208F749400C5F4E2 /* Release */ = {
			isa = XCBuildConfiguration;
			buildSettings = {
				ASSETCATALOG_COMPILER_APPICON_NAME = AppIcon;
				CODE_SIGN_STYLE = Automatic;
				DEVELOPMENT_TEAM = ZEKMNK5YD3;
				INFOPLIST_FILE = TestingApp/Info.plist;
				LD_RUNPATH_SEARCH_PATHS = (
					"$(inherited)",
					"@executable_path/Frameworks",
				);
				PRODUCT_BUNDLE_IDENTIFIER = com.alexcpaul.TestingApp;
				PRODUCT_NAME = "$(TARGET_NAME)";
				SWIFT_VERSION = 4.0;
				TARGETED_DEVICE_FAMILY = "1,2";
			};
			name = Release;
		};
		57C9ED96208F749400C5F4E2 /* Debug */ = {
			isa = XCBuildConfiguration;
			buildSettings = {
				ALWAYS_EMBED_SWIFT_STANDARD_LIBRARIES = YES;
				BUNDLE_LOADER = "$(TEST_HOST)";
				CODE_SIGN_STYLE = Automatic;
				DEVELOPMENT_TEAM = ZEKMNK5YD3;
				INFOPLIST_FILE = TestingAppTests/Info.plist;
				LD_RUNPATH_SEARCH_PATHS = (
					"$(inherited)",
					"@executable_path/Frameworks",
					"@loader_path/Frameworks",
				);
				PRODUCT_BUNDLE_IDENTIFIER = com.alexcpaul.TestingAppTests;
				PRODUCT_NAME = "$(TARGET_NAME)";
				SWIFT_VERSION = 4.0;
				TARGETED_DEVICE_FAMILY = "1,2";
				TEST_HOST = "$(BUILT_PRODUCTS_DIR)/TestingApp.app/TestingApp";
			};
			name = Debug;
		};
		57C9ED97208F749400C5F4E2 /* Release */ = {
			isa = XCBuildConfiguration;
			buildSettings = {
				ALWAYS_EMBED_SWIFT_STANDARD_LIBRARIES = YES;
				BUNDLE_LOADER = "$(TEST_HOST)";
				CODE_SIGN_STYLE = Automatic;
				DEVELOPMENT_TEAM = ZEKMNK5YD3;
				INFOPLIST_FILE = TestingAppTests/Info.plist;
				LD_RUNPATH_SEARCH_PATHS = (
					"$(inherited)",
					"@executable_path/Frameworks",
					"@loader_path/Frameworks",
				);
				PRODUCT_BUNDLE_IDENTIFIER = com.alexcpaul.TestingAppTests;
				PRODUCT_NAME = "$(TARGET_NAME)";
				SWIFT_VERSION = 4.0;
				TARGETED_DEVICE_FAMILY = "1,2";
				TEST_HOST = "$(BUILT_PRODUCTS_DIR)/TestingApp.app/TestingApp";
			};
			name = Release;
		};
/* End XCBuildConfiguration section */

/* Begin XCConfigurationList section */
		57C9ED70208F749300C5F4E2 /* Build configuration list for PBXProject "TestingApp" */ = {
			isa = XCConfigurationList;
			buildConfigurations = (
				57C9ED90208F749400C5F4E2 /* Debug */,
				57C9ED91208F749400C5F4E2 /* Release */,
			);
			defaultConfigurationIsVisible = 0;
			defaultConfigurationName = Release;
		};
		57C9ED92208F749400C5F4E2 /* Build configuration list for PBXNativeTarget "TestingApp" */ = {
			isa = XCConfigurationList;
			buildConfigurations = (
				57C9ED93208F749400C5F4E2 /* Debug */,
				57C9ED94208F749400C5F4E2 /* Release */,
			);
			defaultConfigurationIsVisible = 0;
			defaultConfigurationName = Release;
		};
		57C9ED95208F749400C5F4E2 /* Build configuration list for PBXNativeTarget "TestingAppTests" */ = {
			isa = XCConfigurationList;
			buildConfigurations = (
				57C9ED96208F749400C5F4E2 /* Debug */,
				57C9ED97208F749400C5F4E2 /* Release */,
			);
			defaultConfigurationIsVisible = 0;
			defaultConfigurationName = Release;
		};
/* End XCConfigurationList section */
	};
	rootObject = 57C9ED6D208F749300C5F4E2 /* Project object */;
}
